
Microsoft Visual Studio Solution File, Format Version 12.00
# Visual Studio Version 17
VisualStudioVersion = 17.3.32922.545
MinimumVisualStudioVersion = 10.0.40219.1
Project("{FAE04EC0-301F-11D3-BF4B-00C04F79EFBC}") = "MSALandMicrosoftGraph", "MSALandMicrosoftGraph\MSALandMicrosoftGraph.csproj", "{8FD1173D-258E-47A4-A239-0AA072381193}"
EndProject
Global
	GlobalSection(SolutionConfigurationPlatforms) = preSolution
		Debug|Any CPU = Debug|Any CPU
		Release|Any CPU = Release|Any CPU
	EndGlobalSection
	GlobalSection(ProjectConfigurationPlatforms) = postSolution
		{8FD1173D-258E-47A4-A239-0AA072381193}.Debug|Any CPU.ActiveCfg = Debug|Any CPU
		{8FD1173D-258E-47A4-A239-0AA072381193}.Debug|Any CPU.Build.0 = Debug|Any CPU
		{8FD1173D-258E-47A4-A239-0AA072381193}.Release|Any CPU.ActiveCfg = Release|Any CPU
		{8FD1173D-258E-47A4-A239-0AA072381193}.Release|Any CPU.Build.0 = Release|Any CPU
	EndGlobalSection
	GlobalSection(SolutionProperties) = preSolution
		HideSolutionNode = FALSE
	EndGlobalSection
	GlobalSection(ExtensibilityGlobals) = postSolution
		SolutionGuid = {CB299EBA-4AF7-4B78-BF7E-020E1AF51BD8}
	EndGlobalSection
EndGlobal
